
Microsoft Visual Studio Solution File, Format Version 12.00
# Visual Studio Version 17
VisualStudioVersion = 17.14.36804.6 d17.14
MinimumVisualStudioVersion = 10.0.40219.1
Project("{FAE04EC0-301F-11D3-BF4B-00C04F79EFBC}") = "TowerDefenseOyunuProje", "TowerDefenseOyunuProje\TowerDefenseOyunuProje.csproj", "{DA331289-7A65-4DC1-A677-D5E8561A7999}"
EndProject
Global
	GlobalSection(SolutionConfigurationPlatforms) = preSolution
		Debug|Any CPU = Debug|Any CPU
		Release|Any CPU = Release|Any CPU
	EndGlobalSection
	GlobalSection(ProjectConfigurationPlatforms) = postSolution
		{DA331289-7A65-4DC1-A677-D5E8561A7999}.Debug|Any CPU.ActiveCfg = Debug|Any CPU
		{DA331289-7A65-4DC1-A677-D5E8561A7999}.Debug|Any CPU.Build.0 = Debug|Any CPU
		{DA331289-7A65-4DC1-A677-D5E8561A7999}.Release|Any CPU.ActiveCfg = Release|Any CPU
		{DA331289-7A65-4DC1-A677-D5E8561A7999}.Release|Any CPU.Build.0 = Release|Any CPU
	EndGlobalSection
	GlobalSection(SolutionProperties) = preSolution
		HideSolutionNode = FALSE
	EndGlobalSection
	GlobalSection(ExtensibilityGlobals) = postSolution
		SolutionGuid = {ACE8A43B-AF51-4742-9409-AC713A08AB0F}
	EndGlobalSection
EndGlobal
